// !$*UTF8*$!
{
	archiveVersion = 1;
	classes = {
	};
	objectVersion = 77;
	objects = {

/* Begin PBXBuildFile section */
		101F8BB02D4D954D003B1E9F /* SwiftSoup in Frameworks */ = {isa = PBXBuildFile; productRef = 101F8BAF2D4D954D003B1E9F /* SwiftSoup */; };
		105364782D494F03005E6299 /* FirebaseAnalytics in Frameworks */ = {isa = PBXBuildFile; productRef = 105364772D494F03005E6299 /* FirebaseAnalytics */; };
		1053647A2D494F03005E6299 /* FirebaseAnalyticsOnDeviceConversion in Frameworks */ = {isa = PBXBuildFile; productRef = 105364792D494F03005E6299 /* FirebaseAnalyticsOnDeviceConversion */; };
		1053647C2D494F03005E6299 /* FirebaseAuth in Frameworks */ = {isa = PBXBuildFile; productRef = 1053647B2D494F03005E6299 /* FirebaseAuth */; };
		1053647E2D494F03005E6299 /* FirebaseCore in Frameworks */ = {isa = PBXBuildFile; productRef = 1053647D2D494F03005E6299 /* FirebaseCore */; };
		105364802D494F03005E6299 /* FirebaseFirestore in Frameworks */ = {isa = PBXBuildFile; productRef = 1053647F2D494F03005E6299 /* FirebaseFirestore */; };
		105364822D494F03005E6299 /* FirebaseFirestoreCombine-Community in Frameworks */ = {isa = PBXBuildFile; productRef = 105364812D494F03005E6299 /* FirebaseFirestoreCombine-Community */; };
		105364842D494F03005E6299 /* FirebaseMessaging in Frameworks */ = {isa = PBXBuildFile; productRef = 105364832D494F03005E6299 /* FirebaseMessaging */; };
		105364862D494F03005E6299 /* FirebaseStorage in Frameworks */ = {isa = PBXBuildFile; productRef = 105364852D494F03005E6299 /* FirebaseStorage */; };
/* End PBXBuildFile section */

/* Begin PBXContainerItemProxy section */
		1088B7942D4708FA0093B0A9 /* PBXContainerItemProxy */ = {
			isa = PBXContainerItemProxy;
			containerPortal = 1088B77B2D4708F90093B0A9 /* Project object */;
			proxyType = 1;
			remoteGlobalIDString = 1088B7822D4708F90093B0A9;
			remoteInfo = "FullCrossApplication(iOS)";
		};
		1088B79E2D4708FA0093B0A9 /* PBXContainerItemProxy */ = {
			isa = PBXContainerItemProxy;
			containerPortal = 1088B77B2D4708F90093B0A9 /* Project object */;
			proxyType = 1;
			remoteGlobalIDString = 1088B7822D4708F90093B0A9;
			remoteInfo = "FullCrossApplication(iOS)";
		};
/* End PBXContainerItemProxy section */

/* Begin PBXFileReference section */
		1088B7832D4708F90093B0A9 /* FullCrossApplication(iOS).app */ = {isa = PBXFileReference; explicitFileType = wrapper.application; includeInIndex = 0; path = "FullCrossApplication(iOS).app"; sourceTree = BUILT_PRODUCTS_DIR; };
		1088B7932D4708FA0093B0A9 /* FullCrossApplication(iOS)Tests.xctest */ = {isa = PBXFileReference; explicitFileType = wrapper.cfbundle; includeInIndex = 0; path = "FullCrossApplication(iOS)Tests.xctest"; sourceTree = BUILT_PRODUCTS_DIR; };
		1088B79D2D4708FA0093B0A9 /* FullCrossApplication(iOS)UITests.xctest */ = {isa = PBXFileReference; explicitFileType = wrapper.cfbundle; includeInIndex = 0; path = "FullCrossApplication(iOS)UITests.xctest"; sourceTree = BUILT_PRODUCTS_DIR; };
/* End PBXFileReference section */

/* Begin PBXFileSystemSynchronizedRootGroup section */
		1088B7852D4708F90093B0A9 /* FullCrossApplication(iOS) */ = {
			isa = PBXFileSystemSynchronizedRootGroup;
			path = "FullCrossApplication(iOS)";
			sourceTree = "<group>";
		};
		1088B7962D4708FA0093B0A9 /* FullCrossApplication(iOS)Tests */ = {
			isa = PBXFileSystemSynchronizedRootGroup;
			path = "FullCrossApplication(iOS)Tests";
			sourceTree = "<group>";
		};
		1088B7A02D4708FA0093B0A9 /* FullCrossApplication(iOS)UITests */ = {
			isa = PBXFileSystemSynchronizedRootGroup;
			path = "FullCrossApplication(iOS)UITests";
			sourceTree = "<group>";
		};
/* End PBXFileSystemSynchronizedRootGroup section */

/* Begin PBXFrameworksBuildPhase section */
		1088B7802D4708F90093B0A9 /* Frameworks */ = {
			isa = PBXFrameworksBuildPhase;
			buildActionMask = 2147483647;
			files = (
				105364782D494F03005E6299 /* FirebaseAnalytics in Frameworks */,
				1053647C2D494F03005E6299 /* FirebaseAuth in Frameworks */,
				105364842D494F03005E6299 /* FirebaseMessaging in Frameworks */,
				1053647E2D494F03005E6299 /* FirebaseCore in Frameworks */,
				105364822D494F03005E6299 /* FirebaseFirestoreCombine-Community in Frameworks */,
				105364862D494F03005E6299 /* FirebaseStorage in Frameworks */,
				105364802D494F03005E6299 /* FirebaseFirestore in Frameworks */,
				1053647A2D494F03005E6299 /* FirebaseAnalyticsOnDeviceConversion in Frameworks */,
				101F8BB02D4D954D003B1E9F /* SwiftSoup in Frameworks */,
			);
			runOnlyForDeploymentPostprocessing = 0;
		};
		1088B7902D4708FA0093B0A9 /* Frameworks */ = {
			isa = PBXFrameworksBuildPhase;
			buildActionMask = 2147483647;
			files = (
			);
			runOnlyForDeploymentPostprocessing = 0;
		};
		1088B79A2D4708FA0093B0A9 /* Frameworks */ = {
			isa = PBXFrameworksBuildPhase;
			buildActionMask = 2147483647;
			files = (
			);
			runOnlyForDeploymentPostprocessing = 0;
		};
/* End PBXFrameworksBuildPhase section */

/* Begin PBXGroup section */
		1088B77A2D4708F90093B0A9 = {
			isa = PBXGroup;
			children = (
				1088B7852D4708F90093B0A9 /* FullCrossApplication(iOS) */,
				1088B7962D4708FA0093B0A9 /* FullCrossApplication(iOS)Tests */,
				1088B7A02D4708FA0093B0A9 /* FullCrossApplication(iOS)UITests */,
				1088B7842D4708F90093B0A9 /* Products */,
			);
			sourceTree = "<group>";
		};
		1088B7842D4708F90093B0A9 /* Products */ = {
			isa = PBXGroup;
			children = (
				1088B7832D4708F90093B0A9 /* FullCrossApplication(iOS).app */,
				1088B7932D4708FA0093B0A9 /* FullCrossApplication(iOS)Tests.xctest */,
				1088B79D2D4708FA0093B0A9 /* FullCrossApplication(iOS)UITests.xctest */,
			);
			name = Products;
			sourceTree = "<group>";
		};
/* End PBXGroup section */

/* Begin PBXNativeTarget section */
		1088B7822D4708F90093B0A9 /* FullCrossApplication(iOS) */ = {
			isa = PBXNativeTarget;
			buildConfigurationList = 1088B7A72D4708FA0093B0A9 /* Build configuration list for PBXNativeTarget "FullCrossApplication(iOS)" */;
			buildPhases = (
				1088B77F2D4708F90093B0A9 /* Sources */,
				1088B7802D4708F90093B0A9 /* Frameworks */,
				1088B7812D4708F90093B0A9 /* Resources */,
			);
			buildRules = (
			);
			dependencies = (
			);
			fileSystemSynchronizedGroups = (
				1088B7852D4708F90093B0A9 /* FullCrossApplication(iOS) */,
			);
			name = "FullCrossApplication(iOS)";
			packageProductDependencies = (
				105364772D494F03005E6299 /* FirebaseAnalytics */,
				105364792D494F03005E6299 /* FirebaseAnalyticsOnDeviceConversion */,
				1053647B2D494F03005E6299 /* FirebaseAuth */,
				1053647D2D494F03005E6299 /* FirebaseCore */,
				1053647F2D494F03005E6299 /* FirebaseFirestore */,
				105364812D494F03005E6299 /* FirebaseFirestoreCombine-Community */,
				105364832D494F03005E6299 /* FirebaseMessaging */,
				105364852D494F03005E6299 /* FirebaseStorage */,
				101F8BAF2D4D954D003B1E9F /* SwiftSoup */,
			);
			productName = "FullCrossApplication(iOS)";
			productReference = 1088B7832D4708F90093B0A9 /* FullCrossApplication(iOS).app */;
			productType = "com.apple.product-type.application";
		};
		1088B7922D4708FA0093B0A9 /* FullCrossApplication(iOS)Tests */ = {
			isa = PBXNativeTarget;
			buildConfigurationList = 1088B7AA2D4708FA0093B0A9 /* Build configuration list for PBXNativeTarget "FullCrossApplication(iOS)Tests" */;
			buildPhases = (
				1088B78F2D4708FA0093B0A9 /* Sources */,
				1088B7902D4708FA0093B0A9 /* Frameworks */,
				1088B7912D4708FA0093B0A9 /* Resources */,
			);
			buildRules = (
			);
			dependencies = (
				1088B7952D4708FA0093B0A9 /* PBXTargetDependency */,
			);
			fileSystemSynchronizedGroups = (
				1088B7962D4708FA0093B0A9 /* FullCrossApplication(iOS)Tests */,
			);
			name = "FullCrossApplication(iOS)Tests";
			packageProductDependencies = (
			);
			productName = "FullCrossApplication(iOS)Tests";
			productReference = 1088B7932D4708FA0093B0A9 /* FullCrossApplication(iOS)Tests.xctest */;
			productType = "com.apple.product-type.bundle.unit-test";
		};
		1088B79C2D4708FA0093B0A9 /* FullCrossApplication(iOS)UITests */ = {
			isa = PBXNativeTarget;
			buildConfigurationList = 1088B7AD2D4708FA0093B0A9 /* Build configuration list for PBXNativeTarget "FullCrossApplication(iOS)UITests" */;
			buildPhases = (
				1088B7992D4708FA0093B0A9 /* Sources */,
				1088B79A2D4708FA0093B0A9 /* Frameworks */,
				1088B79B2D4708FA0093B0A9 /* Resources */,
			);
			buildRules = (
			);
			dependencies = (
				1088B79F2D4708FA0093B0A9 /* PBXTargetDependency */,
			);
			fileSystemSynchronizedGroups = (
				1088B7A02D4708FA0093B0A9 /* FullCrossApplication(iOS)UITests */,
			);
			name = "FullCrossApplication(iOS)UITests";
			packageProductDependencies = (
			);
			productName = "FullCrossApplication(iOS)UITests";
			productReference = 1088B79D2D4708FA0093B0A9 /* FullCrossApplication(iOS)UITests.xctest */;
			productType = "com.apple.product-type.bundle.ui-testing";
		};
/* End PBXNativeTarget section */

/* Begin PBXProject section */
		1088B77B2D4708F90093B0A9 /* Project object */ = {
			isa = PBXProject;
			attributes = {
				BuildIndependentTargetsInParallel = 1;
				LastSwiftUpdateCheck = 1620;
				LastUpgradeCheck = 1620;
				TargetAttributes = {
					1088B7822D4708F90093B0A9 = {
						CreatedOnToolsVersion = 16.2;
					};
					1088B7922D4708FA0093B0A9 = {
						CreatedOnToolsVersion = 16.2;
						TestTargetID = 1088B7822D4708F90093B0A9;
					};
					1088B79C2D4708FA0093B0A9 = {
						CreatedOnToolsVersion = 16.2;
						TestTargetID = 1088B7822D4708F90093B0A9;
					};
				};
			};
			buildConfigurationList = 1088B77E2D4708F90093B0A9 /* Build configuration list for PBXProject "FullCrossApplication(iOS)" */;
			developmentRegion = en;
			hasScannedForEncodings = 0;
			knownRegions = (
				en,
				Base,
				es,
			);
			mainGroup = 1088B77A2D4708F90093B0A9;
			minimizedProjectReferenceProxies = 1;
			packageReferences = (
				105364762D494F03005E6299 /* XCRemoteSwiftPackageReference "firebase-ios-sdk" */,
				101F8BAE2D4D954D003B1E9F /* XCRemoteSwiftPackageReference "SwiftSoup" */,
			);
			preferredProjectObjectVersion = 77;
			productRefGroup = 1088B7842D4708F90093B0A9 /* Products */;
			projectDirPath = "";
			projectRoot = "";
			targets = (
				1088B7822D4708F90093B0A9 /* FullCrossApplication(iOS) */,
				1088B7922D4708FA0093B0A9 /* FullCrossApplication(iOS)Tests */,
				1088B79C2D4708FA0093B0A9 /* FullCrossApplication(iOS)UITests */,
			);
		};
/* End PBXProject section */

/* Begin PBXResourcesBuildPhase section */
		1088B7812D4708F90093B0A9 /* Resources */ = {
			isa = PBXResourcesBuildPhase;
			buildActionMask = 2147483647;
			files = (
			);
			runOnlyForDeploymentPostprocessing = 0;
		};
		1088B7912D4708FA0093B0A9 /* Resources */ = {
			isa = PBXResourcesBuildPhase;
			buildActionMask = 2147483647;
			files = (
			);
			runOnlyForDeploymentPostprocessing = 0;
		};
		1088B79B2D4708FA0093B0A9 /* Resources */ = {
			isa = PBXResourcesBuildPhase;
			buildActionMask = 2147483647;
			files = (
			);
			runOnlyForDeploymentPostprocessing = 0;
		};
/* End PBXResourcesBuildPhase section */

/* Begin PBXSourcesBuildPhase section */
		1088B77F2D4708F90093B0A9 /* Sources */ = {
			isa = PBXSourcesBuildPhase;
			buildActionMask = 2147483647;
			files = (
			);
			runOnlyForDeploymentPostprocessing = 0;
		};
		1088B78F2D4708FA0093B0A9 /* Sources */ = {
			isa = PBXSourcesBuildPhase;
			buildActionMask = 2147483647;
			files = (
			);
			runOnlyForDeploymentPostprocessing = 0;
		};
		1088B7992D4708FA0093B0A9 /* Sources */ = {
			isa = PBXSourcesBuildPhase;
			buildActionMask = 2147483647;
			files = (
			);
			runOnlyForDeploymentPostprocessing = 0;
		};
/* End PBXSourcesBuildPhase section */

/* Begin PBXTargetDependency section */
		1088B7952D4708FA0093B0A9 /* PBXTargetDependency */ = {
			isa = PBXTargetDependency;
			target = 1088B7822D4708F90093B0A9 /* FullCrossApplication(iOS) */;
			targetProxy = 1088B7942D4708FA0093B0A9 /* PBXContainerItemProxy */;
		};
		1088B79F2D4708FA0093B0A9 /* PBXTargetDependency */ = {
			isa = PBXTargetDependency;
			target = 1088B7822D4708F90093B0A9 /* FullCrossApplication(iOS) */;
			targetProxy = 1088B79E2D4708FA0093B0A9 /* PBXContainerItemProxy */;
		};
/* End PBXTargetDependency section */

/* Begin XCBuildConfiguration section */
		1088B7A52D4708FA0093B0A9 /* Debug */ = {
			isa = XCBuildConfiguration;
			buildSettings = {
				ALWAYS_SEARCH_USER_PATHS = NO;
				ASSETCATALOG_COMPILER_GENERATE_SWIFT_ASSET_SYMBOL_EXTENSIONS = YES;
				CLANG_ANALYZER_NONNULL = YES;
				CLANG_ANALYZER_NUMBER_OBJECT_CONVERSION = YES_AGGRESSIVE;
				CLANG_CXX_LANGUAGE_STANDARD = "gnu++20";
				CLANG_ENABLE_MODULES = YES;
				CLANG_ENABLE_OBJC_ARC = YES;
				CLANG_ENABLE_OBJC_WEAK = YES;
				CLANG_WARN_BLOCK_CAPTURE_AUTORELEASING = YES;
				CLANG_WARN_BOOL_CONVERSION = YES;
				CLANG_WARN_COMMA = YES;
				CLANG_WARN_CONSTANT_CONVERSION = YES;
				CLANG_WARN_DEPRECATED_OBJC_IMPLEMENTATIONS = YES;
				CLANG_WARN_DIRECT_OBJC_ISA_USAGE = YES_ERROR;
				CLANG_WARN_DOCUMENTATION_COMMENTS = YES;
				CLANG_WARN_EMPTY_BODY = YES;
				CLANG_WARN_ENUM_CONVERSION = YES;
				CLANG_WARN_INFINITE_RECURSION = YES;
				CLANG_WARN_INT_CONVERSION = YES;
				CLANG_WARN_NON_LITERAL_NULL_CONVERSION = YES;
				CLANG_WARN_OBJC_IMPLICIT_RETAIN_SELF = YES;
				CLANG_WARN_OBJC_LITERAL_CONVERSION = YES;
				CLANG_WARN_OBJC_ROOT_CLASS = YES_ERROR;
				CLANG_WARN_QUOTED_INCLUDE_IN_FRAMEWORK_HEADER = YES;
				CLANG_WARN_RANGE_LOOP_ANALYSIS = YES;
				CLANG_WARN_STRICT_PROTOTYPES = YES;
				CLANG_WARN_SUSPICIOUS_MOVE = YES;
				CLANG_WARN_UNGUARDED_AVAILABILITY = YES_AGGRESSIVE;
				CLANG_WARN_UNREACHABLE_CODE = YES;
				CLANG_WARN__DUPLICATE_METHOD_MATCH = YES;
				COPY_PHASE_STRIP = NO;
				DEBUG_INFORMATION_FORMAT = dwarf;
				ENABLE_STRICT_OBJC_MSGSEND = YES;
				ENABLE_TESTABILITY = YES;
				ENABLE_USER_SCRIPT_SANDBOXING = YES;
				GCC_C_LANGUAGE_STANDARD = gnu17;
				GCC_DYNAMIC_NO_PIC = NO;
				GCC_NO_COMMON_BLOCKS = YES;
				GCC_OPTIMIZATION_LEVEL = 0;
				GCC_PREPROCESSOR_DEFINITIONS = (
					"DEBUG=1",
					"$(inherited)",
				);
				GCC_WARN_64_TO_32_BIT_CONVERSION = YES;
				GCC_WARN_ABOUT_RETURN_TYPE = YES_ERROR;
				GCC_WARN_UNDECLARED_SELECTOR = YES;
				GCC_WARN_UNINITIALIZED_AUTOS = YES_AGGRESSIVE;
				GCC_WARN_UNUSED_FUNCTION = YES;
				GCC_WARN_UNUSED_VARIABLE = YES;
				IPHONEOS_DEPLOYMENT_TARGET = 18.2;
				LOCALIZATION_PREFERS_STRING_CATALOGS = YES;
				MTL_ENABLE_DEBUG_INFO = INCLUDE_SOURCE;
				MTL_FAST_MATH = YES;
				ONLY_ACTIVE_ARCH = YES;
				SDKROOT = iphoneos;
				SWIFT_ACTIVE_COMPILATION_CONDITIONS = "DEBUG $(inherited)";
				SWIFT_OPTIMIZATION_LEVEL = "-Onone";
			};
			name = Debug;
		};
		1088B7A62D4708FA0093B0A9 /* Release */ = {
			isa = XCBuildConfiguration;
			buildSettings = {
				ALWAYS_SEARCH_USER_PATHS = NO;
				ASSETCATALOG_COMPILER_GENERATE_SWIFT_ASSET_SYMBOL_EXTENSIONS = YES;
				CLANG_ANALYZER_NONNULL = YES;
				CLANG_ANALYZER_NUMBER_OBJECT_CONVERSION = YES_AGGRESSIVE;
				CLANG_CXX_LANGUAGE_STANDARD = "gnu++20";
				CLANG_ENABLE_MODULES = YES;
				CLANG_ENABLE_OBJC_ARC = YES;
				CLANG_ENABLE_OBJC_WEAK = YES;
				CLANG_WARN_BLOCK_CAPTURE_AUTORELEASING = YES;
				CLANG_WARN_BOOL_CONVERSION = YES;
				CLANG_WARN_COMMA = YES;
				CLANG_WARN_CONSTANT_CONVERSION = YES;
				CLANG_WARN_DEPRECATED_OBJC_IMPLEMENTATIONS = YES;
				CLANG_WARN_DIRECT_OBJC_ISA_USAGE = YES_ERROR;
				CLANG_WARN_DOCUMENTATION_COMMENTS = YES;
				CLANG_WARN_EMPTY_BODY = YES;
				CLANG_WARN_ENUM_CONVERSION = YES;
				CLANG_WARN_INFINITE_RECURSION = YES;
				CLANG_WARN_INT_CONVERSION = YES;
				CLANG_WARN_NON_LITERAL_NULL_CONVERSION = YES;
				CLANG_WARN_OBJC_IMPLICIT_RETAIN_SELF = YES;
				CLANG_WARN_OBJC_LITERAL_CONVERSION = YES;
				CLANG_WARN_OBJC_ROOT_CLASS = YES_ERROR;
				CLANG_WARN_QUOTED_INCLUDE_IN_FRAMEWORK_HEADER = YES;
				CLANG_WARN_RANGE_LOOP_ANALYSIS = YES;
				CLANG_WARN_STRICT_PROTOTYPES = YES;
				CLANG_WARN_SUSPICIOUS_MOVE = YES;
				CLANG_WARN_UNGUARDED_AVAILABILITY = YES_AGGRESSIVE;
				CLANG_WARN_UNREACHABLE_CODE = YES;
				CLANG_WARN__DUPLICATE_METHOD_MATCH = YES;
				COPY_PHASE_STRIP = NO;
				DEBUG_INFORMATION_FORMAT = "dwarf-with-dsym";
				ENABLE_NS_ASSERTIONS = NO;
				ENABLE_STRICT_OBJC_MSGSEND = YES;
				ENABLE_USER_SCRIPT_SANDBOXING = YES;
				GCC_C_LANGUAGE_STANDARD = gnu17;
				GCC_NO_COMMON_BLOCKS = YES;
				GCC_WARN_64_TO_32_BIT_CONVERSION = YES;
				GCC_WARN_ABOUT_RETURN_TYPE = YES_ERROR;
				GCC_WARN_UNDECLARED_SELECTOR = YES;
				GCC_WARN_UNINITIALIZED_AUTOS = YES_AGGRESSIVE;
				GCC_WARN_UNUSED_FUNCTION = YES;
				GCC_WARN_UNUSED_VARIABLE = YES;
				IPHONEOS_DEPLOYMENT_TARGET = 18.2;
				LOCALIZATION_PREFERS_STRING_CATALOGS = YES;
				MTL_ENABLE_DEBUG_INFO = NO;
				MTL_FAST_MATH = YES;
				SDKROOT = iphoneos;
				SWIFT_COMPILATION_MODE = wholemodule;
				VALIDATE_PRODUCT = YES;
			};
			name = Release;
		};
		1088B7A82D4708FA0093B0A9 /* Debug */ = {
			isa = XCBuildConfiguration;
			buildSettings = {
				ASSETCATALOG_COMPILER_APPICON_NAME = AppIcon;
				ASSETCATALOG_COMPILER_GLOBAL_ACCENT_COLOR_NAME = AccentColor;
				CODE_SIGN_STYLE = Automatic;
				CURRENT_PROJECT_VERSION = 1;
				DEVELOPMENT_ASSET_PATHS = "\"FullCrossApplication(iOS)/Preview Content\"";
				DEVELOPMENT_TEAM = 49MCWFYTSU;
				ENABLE_PREVIEWS = YES;
				GENERATE_INFOPLIST_FILE = YES;
				INFOPLIST_FILE = "FullCrossApplication-iOS--Info.plist";
				INFOPLIST_KEY_CFBundleDisplayName = "Full Cross";
				INFOPLIST_KEY_LSApplicationCategoryType = "";
				INFOPLIST_KEY_NSCalendarsUsageDescription = "We need access to the calendar to set reminders for upcoming events and services.";
				INFOPLIST_KEY_NSContactsUsageDescription = "We need access to your contacts to help you find and connect with your friends who are also using the app.";
				INFOPLIST_KEY_UIApplicationSceneManifest_Generation = YES;
				INFOPLIST_KEY_UIApplicationSupportsIndirectInputEvents = YES;
				INFOPLIST_KEY_UILaunchScreen_Generation = YES;
				INFOPLIST_KEY_UISupportedInterfaceOrientations_iPad = "UIInterfaceOrientationPortrait UIInterfaceOrientationPortraitUpsideDown UIInterfaceOrientationLandscapeLeft UIInterfaceOrientationLandscapeRight";
				INFOPLIST_KEY_UISupportedInterfaceOrientations_iPhone = "UIInterfaceOrientationPortrait UIInterfaceOrientationLandscapeLeft UIInterfaceOrientationLandscapeRight";
				IPHONEOS_DEPLOYMENT_TARGET = 17.6;
				LD_RUNPATH_SEARCH_PATHS = (
					"$(inherited)",
					"@executable_path/Frameworks",
				);
				MARKETING_VERSION = 1.0;
				PRODUCT_BUNDLE_IDENTIFIER = "com.innova.FullCrossApplication-iOS-";
				PRODUCT_NAME = "$(TARGET_NAME)";
				SWIFT_EMIT_LOC_STRINGS = YES;
				SWIFT_VERSION = 5.0;
				TARGETED_DEVICE_FAMILY = "1,2";
			};
			name = Debug;
		};
		1088B7A92D4708FA0093B0A9 /* Release */ = {
			isa = XCBuildConfiguration;
			buildSettings = {
				ASSETCATALOG_COMPILER_APPICON_NAME = AppIcon;
				ASSETCATALOG_COMPILER_GLOBAL_ACCENT_COLOR_NAME = AccentColor;
				CODE_SIGN_STYLE = Automatic;
				CURRENT_PROJECT_VERSION = 1;
				DEVELOPMENT_ASSET_PATHS = "\"FullCrossApplication(iOS)/Preview Content\"";
				DEVELOPMENT_TEAM = 49MCWFYTSU;
				ENABLE_PREVIEWS = YES;
				GENERATE_INFOPLIST_FILE = YES;
				INFOPLIST_FILE = "FullCrossApplication-iOS--Info.plist";
				INFOPLIST_KEY_CFBundleDisplayName = "Full Cross";
				INFOPLIST_KEY_LSApplicationCategoryType = "";
				INFOPLIST_KEY_NSCalendarsUsageDescription = "We need access to the calendar to set reminders for upcoming events and services.";
				INFOPLIST_KEY_NSContactsUsageDescription = "We need access to your contacts to help you find and connect with your friends who are also using the app.";
				INFOPLIST_KEY_UIApplicationSceneManifest_Generation = YES;
				INFOPLIST_KEY_UIApplicationSupportsIndirectInputEvents = YES;
				INFOPLIST_KEY_UILaunchScreen_Generation = YES;
				INFOPLIST_KEY_UISupportedInterfaceOrientations_iPad = "UIInterfaceOrientationPortrait UIInterfaceOrientationPortraitUpsideDown UIInterfaceOrientationLandscapeLeft UIInterfaceOrientationLandscapeRight";
				INFOPLIST_KEY_UISupportedInterfaceOrientations_iPhone = "UIInterfaceOrientationPortrait UIInterfaceOrientationLandscapeLeft UIInterfaceOrientationLandscapeRight";
				IPHONEOS_DEPLOYMENT_TARGET = 17.6;
				LD_RUNPATH_SEARCH_PATHS = (
					"$(inherited)",
					"@executable_path/Frameworks",
				);
				MARKETING_VERSION = 1.0;
				PRODUCT_BUNDLE_IDENTIFIER = "com.innova.FullCrossApplication-iOS-";
				PRODUCT_NAME = "$(TARGET_NAME)";
				SWIFT_EMIT_LOC_STRINGS = YES;
				SWIFT_VERSION = 5.0;
				TARGETED_DEVICE_FAMILY = "1,2";
			};
			name = Release;
		};
		1088B7AB2D4708FA0093B0A9 /* Debug */ = {
			isa = XCBuildConfiguration;
			buildSettings = {
				BUNDLE_LOADER = "$(TEST_HOST)";
				CODE_SIGN_STYLE = Automatic;
				CURRENT_PROJECT_VERSION = 1;
				GENERATE_INFOPLIST_FILE = YES;
				IPHONEOS_DEPLOYMENT_TARGET = 18.2;
				MARKETING_VERSION = 1.0;
				PRODUCT_BUNDLE_IDENTIFIER = "com.innova.FullCrossApplication-iOS-Tests";
				PRODUCT_NAME = "$(TARGET_NAME)";
				SWIFT_EMIT_LOC_STRINGS = NO;
				SWIFT_VERSION = 5.0;
				TARGETED_DEVICE_FAMILY = "1,2";
				TEST_HOST = "$(BUILT_PRODUCTS_DIR)/FullCrossApplication(iOS).app/$(BUNDLE_EXECUTABLE_FOLDER_PATH)/FullCrossApplication(iOS)";
			};
			name = Debug;
		};
		1088B7AC2D4708FA0093B0A9 /* Release */ = {
			isa = XCBuildConfiguration;
			buildSettings = {
				BUNDLE_LOADER = "$(TEST_HOST)";
				CODE_SIGN_STYLE = Automatic;
				CURRENT_PROJECT_VERSION = 1;
				GENERATE_INFOPLIST_FILE = YES;
				IPHONEOS_DEPLOYMENT_TARGET = 18.2;
				MARKETING_VERSION = 1.0;
				PRODUCT_BUNDLE_IDENTIFIER = "com.innova.FullCrossApplication-iOS-Tests";
				PRODUCT_NAME = "$(TARGET_NAME)";
				SWIFT_EMIT_LOC_STRINGS = NO;
				SWIFT_VERSION = 5.0;
				TARGETED_DEVICE_FAMILY = "1,2";
				TEST_HOST = "$(BUILT_PRODUCTS_DIR)/FullCrossApplication(iOS).app/$(BUNDLE_EXECUTABLE_FOLDER_PATH)/FullCrossApplication(iOS)";
			};
			name = Release;
		};
		1088B7AE2D4708FA0093B0A9 /* Debug */ = {
			isa = XCBuildConfiguration;
			buildSettings = {
				CODE_SIGN_STYLE = Automatic;
				CURRENT_PROJECT_VERSION = 1;
				GENERATE_INFOPLIST_FILE = YES;
				MARKETING_VERSION = 1.0;
				PRODUCT_BUNDLE_IDENTIFIER = "com.innova.FullCrossApplication-iOS-UITests";
				PRODUCT_NAME = "$(TARGET_NAME)";
				SWIFT_EMIT_LOC_STRINGS = NO;
				SWIFT_VERSION = 5.0;
				TARGETED_DEVICE_FAMILY = "1,2";
				TEST_TARGET_NAME = "FullCrossApplication(iOS)";
			};
			name = Debug;
		};
		1088B7AF2D4708FA0093B0A9 /* Release */ = {
			isa = XCBuildConfiguration;
			buildSettings = {
				CODE_SIGN_STYLE = Automatic;
				CURRENT_PROJECT_VERSION = 1;
				GENERATE_INFOPLIST_FILE = YES;
				MARKETING_VERSION = 1.0;
				PRODUCT_BUNDLE_IDENTIFIER = "com.innova.FullCrossApplication-iOS-UITests";
				PRODUCT_NAME = "$(TARGET_NAME)";
				SWIFT_EMIT_LOC_STRINGS = NO;
				SWIFT_VERSION = 5.0;
				TARGETED_DEVICE_FAMILY = "1,2";
				TEST_TARGET_NAME = "FullCrossApplication(iOS)";
			};
			name = Release;
		};
/* End XCBuildConfiguration section */

/* Begin XCConfigurationList section */
		1088B77E2D4708F90093B0A9 /* Build configuration list for PBXProject "FullCrossApplication(iOS)" */ = {
			isa = XCConfigurationList;
			buildConfigurations = (
				1088B7A52D4708FA0093B0A9 /* Debug */,
				1088B7A62D4708FA0093B0A9 /* Release */,
			);
			defaultConfigurationIsVisible = 0;
			defaultConfigurationName = Release;
		};
		1088B7A72D4708FA0093B0A9 /* Build configuration list for PBXNativeTarget "FullCrossApplication(iOS)" */ = {
			isa = XCConfigurationList;
			buildConfigurations = (
				1088B7A82D4708FA0093B0A9 /* Debug */,
				1088B7A92D4708FA0093B0A9 /* Release */,
			);
			defaultConfigurationIsVisible = 0;
			defaultConfigurationName = Release;
		};
		1088B7AA2D4708FA0093B0A9 /* Build configuration list for PBXNativeTarget "FullCrossApplication(iOS)Tests" */ = {
			isa = XCConfigurationList;
			buildConfigurations = (
				1088B7AB2D4708FA0093B0A9 /* Debug */,
				1088B7AC2D4708FA0093B0A9 /* Release */,
			);
			defaultConfigurationIsVisible = 0;
			defaultConfigurationName = Release;
		};
		1088B7AD2D4708FA0093B0A9 /* Build configuration list for PBXNativeTarget "FullCrossApplication(iOS)UITests" */ = {
			isa = XCConfigurationList;
			buildConfigurations = (
				1088B7AE2D4708FA0093B0A9 /* Debug */,
				1088B7AF2D4708FA0093B0A9 /* Release */,
			);
			defaultConfigurationIsVisible = 0;
			defaultConfigurationName = Release;
		};
/* End XCConfigurationList section */

/* Begin XCRemoteSwiftPackageReference section */
		101F8BAE2D4D954D003B1E9F /* XCRemoteSwiftPackageReference "SwiftSoup" */ = {
			isa = XCRemoteSwiftPackageReference;
			repositoryURL = "https://github.com/scinfu/SwiftSoup.git";
			requirement = {
				kind = upToNextMajorVersion;
				minimumVersion = 2.7.7;
			};
		};
		105364762D494F03005E6299 /* XCRemoteSwiftPackageReference "firebase-ios-sdk" */ = {
			isa = XCRemoteSwiftPackageReference;
			repositoryURL = "https://github.com/firebase/firebase-ios-sdk.git";
			requirement = {
				kind = upToNextMinorVersion;
				minimumVersion = 11.7.0;
			};
		};
/* End XCRemoteSwiftPackageReference section */

/* Begin XCSwiftPackageProductDependency section */
		101F8BAF2D4D954D003B1E9F /* SwiftSoup */ = {
			isa = XCSwiftPackageProductDependency;
			package = 101F8BAE2D4D954D003B1E9F /* XCRemoteSwiftPackageReference "SwiftSoup" */;
			productName = SwiftSoup;
		};
		105364772D494F03005E6299 /* FirebaseAnalytics */ = {
			isa = XCSwiftPackageProductDependency;
			package = 105364762D494F03005E6299 /* XCRemoteSwiftPackageReference "firebase-ios-sdk" */;
			productName = FirebaseAnalytics;
		};
		105364792D494F03005E6299 /* FirebaseAnalyticsOnDeviceConversion */ = {
			isa = XCSwiftPackageProductDependency;
			package = 105364762D494F03005E6299 /* XCRemoteSwiftPackageReference "firebase-ios-sdk" */;
			productName = FirebaseAnalyticsOnDeviceConversion;
		};
		1053647B2D494F03005E6299 /* FirebaseAuth */ = {
			isa = XCSwiftPackageProductDependency;
			package = 105364762D494F03005E6299 /* XCRemoteSwiftPackageReference "firebase-ios-sdk" */;
			productName = FirebaseAuth;
		};
		1053647D2D494F03005E6299 /* FirebaseCore */ = {
			isa = XCSwiftPackageProductDependency;
			package = 105364762D494F03005E6299 /* XCRemoteSwiftPackageReference "firebase-ios-sdk" */;
			productName = FirebaseCore;
		};
		1053647F2D494F03005E6299 /* FirebaseFirestore */ = {
			isa = XCSwiftPackageProductDependency;
			package = 105364762D494F03005E6299 /* XCRemoteSwiftPackageReference "firebase-ios-sdk" */;
			productName = FirebaseFirestore;
		};
		105364812D494F03005E6299 /* FirebaseFirestoreCombine-Community */ = {
			isa = XCSwiftPackageProductDependency;
			package = 105364762D494F03005E6299 /* XCRemoteSwiftPackageReference "firebase-ios-sdk" */;
			productName = "FirebaseFirestoreCombine-Community";
		};
		105364832D494F03005E6299 /* FirebaseMessaging */ = {
			isa = XCSwiftPackageProductDependency;
			package = 105364762D494F03005E6299 /* XCRemoteSwiftPackageReference "firebase-ios-sdk" */;
			productName = FirebaseMessaging;
		};
		105364852D494F03005E6299 /* FirebaseStorage */ = {
			isa = XCSwiftPackageProductDependency;
			package = 105364762D494F03005E6299 /* XCRemoteSwiftPackageReference "firebase-ios-sdk" */;
			productName = FirebaseStorage;
		};
/* End XCSwiftPackageProductDependency section */
	};
	rootObject = 1088B77B2D4708F90093B0A9 /* Project object */;
}
